
Microsoft Visual Studio Solution File, Format Version 11.00
# Visual Studio 2010
Project("{FAE04EC0-301F-11D3-BF4B-00C04F79EFBC}") = "MoreMountains.Tools", "MoreMountains.Tools.csproj", "{350f8d9c-d7f0-edb5-2b4e-a9ba2da3dbbe}"
EndProject
Project("{FAE04EC0-301F-11D3-BF4B-00C04F79EFBC}") = "GMTK", "GMTK.csproj", "{bb9deff1-6607-d72e-8397-d963bf4eb548}"
EndProject
Project("{FAE04EC0-301F-11D3-BF4B-00C04F79EFBC}") = "MerryYellow.CodeAssist.Editor", "MerryYellow.CodeAssist.Editor.csproj", "{3352d2be-f862-115b-0d5d-3a2e08501467}"
EndProject
Project("{FAE04EC0-301F-11D3-BF4B-00C04F79EFBC}") = "Gamelogic.Extensions.Editor", "Gamelogic.Extensions.Editor.csproj", "{3a444af6-430e-d80a-5e76-28634c1b8053}"
EndProject
Project("{FAE04EC0-301F-11D3-BF4B-00C04F79EFBC}") = "BetterHierarchy", "BetterHierarchy.csproj", "{dadb3221-0ea1-e128-18e4-4f593798f6d9}"
EndProject
Project("{FAE04EC0-301F-11D3-BF4B-00C04F79EFBC}") = "Assembly-CSharp-Editor", "Assembly-CSharp-Editor.csproj", "{2fc0f59e-d79c-4805-89a5-8840b0ec8c8c}"
EndProject
Project("{FAE04EC0-301F-11D3-BF4B-00C04F79EFBC}") = "Ameba", "Ameba.csproj", "{6d3a7ff9-f1a0-7371-1e81-b24f74982e3b}"
EndProject
Project("{FAE04EC0-301F-11D3-BF4B-00C04F79EFBC}") = "ToonyColorsPro.Runtime", "ToonyColorsPro.Runtime.csproj", "{a8230e01-1bc9-ef5e-9379-859a51b637ec}"
EndProject
Project("{FAE04EC0-301F-11D3-BF4B-00C04F79EFBC}") = "Gamelogic.Extensions", "Gamelogic.Extensions.csproj", "{389fd402-e30b-8c2c-4ae3-be22e79a365c}"
EndProject
Project("{FAE04EC0-301F-11D3-BF4B-00C04F79EFBC}") = "Assembly-CSharp", "Assembly-CSharp.csproj", "{bda9c10f-ed01-485a-7e19-17e42fc7c3d3}"
EndProject
Project("{FAE04EC0-301F-11D3-BF4B-00C04F79EFBC}") = "MoreMountains.Tools.Editor", "MoreMountains.Tools.Editor.csproj", "{f4025146-c348-a116-533b-184f5ae6ea2b}"
EndProject
Project("{FAE04EC0-301F-11D3-BF4B-00C04F79EFBC}") = "Lofelt.NiceVibrations", "Lofelt.NiceVibrations.csproj", "{02ef9b72-a58f-6858-5525-6c7942e40077}"
EndProject
Project("{FAE04EC0-301F-11D3-BF4B-00C04F79EFBC}") = "ToonyColorsPro.Editor", "ToonyColorsPro.Editor.csproj", "{3332da6c-3c17-eb17-abb2-c3d563f566f5}"
EndProject
Project("{FAE04EC0-301F-11D3-BF4B-00C04F79EFBC}") = "CFXRRuntime", "CFXRRuntime.csproj", "{330a222c-dddb-57a7-c154-397da64bde76}"
EndProject
Project("{FAE04EC0-301F-11D3-BF4B-00C04F79EFBC}") = "CFXRDemo", "CFXRDemo.csproj", "{5f95122a-659e-835d-9dc8-ac097340a6f3}"
EndProject
Project("{FAE04EC0-301F-11D3-BF4B-00C04F79EFBC}") = "CFXREditor", "CFXREditor.csproj", "{d0dab21d-995e-a5a1-693b-244fa8d662ab}"
EndProject
Project("{FAE04EC0-301F-11D3-BF4B-00C04F79EFBC}") = "Ameba.Editor", "Ameba.Editor.csproj", "{5cc02192-6e85-bcbd-9b62-082573738239}"
EndProject
Project("{FAE04EC0-301F-11D3-BF4B-00C04F79EFBC}") = "GMTK.Editor", "GMTK.Editor.csproj", "{1fd804ef-0174-3eb6-15a9-8e615b7bbbf6}"
EndProject
Project("{FAE04EC0-301F-11D3-BF4B-00C04F79EFBC}") = "BetterHierarchyDemoScripts", "BetterHierarchyDemoScripts.csproj", "{902ed3ef-1fdf-4783-b207-fc2375565e82}"
EndProject
Project("{FAE04EC0-301F-11D3-BF4B-00C04F79EFBC}") = "ToonyColorsPro2.Demo", "ToonyColorsPro2.Demo.csproj", "{72d4d953-22c5-c768-f57d-91001584ed99}"
EndProject
Project("{FAE04EC0-301F-11D3-BF4B-00C04F79EFBC}") = "Lofelt.NiceVibrations.Demo", "Lofelt.NiceVibrations.Demo.csproj", "{5756b944-4da1-aa98-c957-02601c4ed70f}"
EndProject
Project("{FAE04EC0-301F-11D3-BF4B-00C04F79EFBC}") = "KinoBloom.Runtime", "KinoBloom.Runtime.csproj", "{e6278ae3-9900-169f-5aeb-e5cb2f6c82dc}"
EndProject
Project("{FAE04EC0-301F-11D3-BF4B-00C04F79EFBC}") = "Lofelt.NiceVibrations.Editor", "Lofelt.NiceVibrations.Editor.csproj", "{3f4bb66a-ee2e-879c-2542-b4b390a6bd06}"
EndProject
Project("{FAE04EC0-301F-11D3-BF4B-00C04F79EFBC}") = "ToonyColorsPro.Demo.Editor", "ToonyColorsPro.Demo.Editor.csproj", "{70e0f3df-e61b-fc8e-819c-2486b904b260}"
EndProject
Project("{FAE04EC0-301F-11D3-BF4B-00C04F79EFBC}") = "Assembly-CSharp-firstpass", "Assembly-CSharp-firstpass.csproj", "{d9c84faf-6294-9b8d-6065-9388c13dd207}"
EndProject
Project("{FAE04EC0-301F-11D3-BF4B-00C04F79EFBC}") = "Sirenix.OdinInspector.Modules.UnityMathematics", "Sirenix.OdinInspector.Modules.UnityMathematics.csproj", "{bda85ff1-ba5c-a503-00e8-7410abb5ab69}"
EndProject
Project("{FAE04EC0-301F-11D3-BF4B-00C04F79EFBC}") = "sc.utilities.screenshot.editor", "sc.utilities.screenshot.editor.csproj", "{a27a0d90-a001-0934-13a6-3db57626fa0e}"
EndProject
Project("{FAE04EC0-301F-11D3-BF4B-00C04F79EFBC}") = "Assembly-CSharp-Editor-firstpass", "Assembly-CSharp-Editor-firstpass.csproj", "{164a6712-4766-4202-8730-ad6a60d13630}"
EndProject
Global
	GlobalSection(SolutionConfigurationPlatforms) = preSolution
		Debug|Any CPU = Debug|Any CPU
	EndGlobalSection
	GlobalSection(ProjectConfigurationPlatforms) = postSolution
		{350f8d9c-d7f0-edb5-2b4e-a9ba2da3dbbe}.Debug|Any CPU.ActiveCfg = Debug|Any CPU
		{350f8d9c-d7f0-edb5-2b4e-a9ba2da3dbbe}.Debug|Any CPU.Build.0 = Debug|Any CPU
		{bb9deff1-6607-d72e-8397-d963bf4eb548}.Debug|Any CPU.ActiveCfg = Debug|Any CPU
		{bb9deff1-6607-d72e-8397-d963bf4eb548}.Debug|Any CPU.Build.0 = Debug|Any CPU
		{3352d2be-f862-115b-0d5d-3a2e08501467}.Debug|Any CPU.ActiveCfg = Debug|Any CPU
		{3352d2be-f862-115b-0d5d-3a2e08501467}.Debug|Any CPU.Build.0 = Debug|Any CPU
		{3a444af6-430e-d80a-5e76-28634c1b8053}.Debug|Any CPU.ActiveCfg = Debug|Any CPU
		{3a444af6-430e-d80a-5e76-28634c1b8053}.Debug|Any CPU.Build.0 = Debug|Any CPU
		{dadb3221-0ea1-e128-18e4-4f593798f6d9}.Debug|Any CPU.ActiveCfg = Debug|Any CPU
		{dadb3221-0ea1-e128-18e4-4f593798f6d9}.Debug|Any CPU.Build.0 = Debug|Any CPU
		{2fc0f59e-d79c-4805-89a5-8840b0ec8c8c}.Debug|Any CPU.ActiveCfg = Debug|Any CPU
		{2fc0f59e-d79c-4805-89a5-8840b0ec8c8c}.Debug|Any CPU.Build.0 = Debug|Any CPU
		{6d3a7ff9-f1a0-7371-1e81-b24f74982e3b}.Debug|Any CPU.ActiveCfg = Debug|Any CPU
		{6d3a7ff9-f1a0-7371-1e81-b24f74982e3b}.Debug|Any CPU.Build.0 = Debug|Any CPU
		{a8230e01-1bc9-ef5e-9379-859a51b637ec}.Debug|Any CPU.ActiveCfg = Debug|Any CPU
		{a8230e01-1bc9-ef5e-9379-859a51b637ec}.Debug|Any CPU.Build.0 = Debug|Any CPU
		{389fd402-e30b-8c2c-4ae3-be22e79a365c}.Debug|Any CPU.ActiveCfg = Debug|Any CPU
		{389fd402-e30b-8c2c-4ae3-be22e79a365c}.Debug|Any CPU.Build.0 = Debug|Any CPU
		{bda9c10f-ed01-485a-7e19-17e42fc7c3d3}.Debug|Any CPU.ActiveCfg = Debug|Any CPU
		{bda9c10f-ed01-485a-7e19-17e42fc7c3d3}.Debug|Any CPU.Build.0 = Debug|Any CPU
		{f4025146-c348-a116-533b-184f5ae6ea2b}.Debug|Any CPU.ActiveCfg = Debug|Any CPU
		{f4025146-c348-a116-533b-184f5ae6ea2b}.Debug|Any CPU.Build.0 = Debug|Any CPU
		{02ef9b72-a58f-6858-5525-6c7942e40077}.Debug|Any CPU.ActiveCfg = Debug|Any CPU
		{02ef9b72-a58f-6858-5525-6c7942e40077}.Debug|Any CPU.Build.0 = Debug|Any CPU
		{3332da6c-3c17-eb17-abb2-c3d563f566f5}.Debug|Any CPU.ActiveCfg = Debug|Any CPU
		{3332da6c-3c17-eb17-abb2-c3d563f566f5}.Debug|Any CPU.Build.0 = Debug|Any CPU
		{330a222c-dddb-57a7-c154-397da64bde76}.Debug|Any CPU.ActiveCfg = Debug|Any CPU
		{330a222c-dddb-57a7-c154-397da64bde76}.Debug|Any CPU.Build.0 = Debug|Any CPU
		{5f95122a-659e-835d-9dc8-ac097340a6f3}.Debug|Any CPU.ActiveCfg = Debug|Any CPU
		{5f95122a-659e-835d-9dc8-ac097340a6f3}.Debug|Any CPU.Build.0 = Debug|Any CPU
		{d0dab21d-995e-a5a1-693b-244fa8d662ab}.Debug|Any CPU.ActiveCfg = Debug|Any CPU
		{d0dab21d-995e-a5a1-693b-244fa8d662ab}.Debug|Any CPU.Build.0 = Debug|Any CPU
		{5cc02192-6e85-bcbd-9b62-082573738239}.Debug|Any CPU.ActiveCfg = Debug|Any CPU
		{5cc02192-6e85-bcbd-9b62-082573738239}.Debug|Any CPU.Build.0 = Debug|Any CPU
		{1fd804ef-0174-3eb6-15a9-8e615b7bbbf6}.Debug|Any CPU.ActiveCfg = Debug|Any CPU
		{1fd804ef-0174-3eb6-15a9-8e615b7bbbf6}.Debug|Any CPU.Build.0 = Debug|Any CPU
		{902ed3ef-1fdf-4783-b207-fc2375565e82}.Debug|Any CPU.ActiveCfg = Debug|Any CPU
		{902ed3ef-1fdf-4783-b207-fc2375565e82}.Debug|Any CPU.Build.0 = Debug|Any CPU
		{72d4d953-22c5-c768-f57d-91001584ed99}.Debug|Any CPU.ActiveCfg = Debug|Any CPU
		{72d4d953-22c5-c768-f57d-91001584ed99}.Debug|Any CPU.Build.0 = Debug|Any CPU
		{5756b944-4da1-aa98-c957-02601c4ed70f}.Debug|Any CPU.ActiveCfg = Debug|Any CPU
		{5756b944-4da1-aa98-c957-02601c4ed70f}.Debug|Any CPU.Build.0 = Debug|Any CPU
		{e6278ae3-9900-169f-5aeb-e5cb2f6c82dc}.Debug|Any CPU.ActiveCfg = Debug|Any CPU
		{e6278ae3-9900-169f-5aeb-e5cb2f6c82dc}.Debug|Any CPU.Build.0 = Debug|Any CPU
		{3f4bb66a-ee2e-879c-2542-b4b390a6bd06}.Debug|Any CPU.ActiveCfg = Debug|Any CPU
		{3f4bb66a-ee2e-879c-2542-b4b390a6bd06}.Debug|Any CPU.Build.0 = Debug|Any CPU
		{70e0f3df-e61b-fc8e-819c-2486b904b260}.Debug|Any CPU.ActiveCfg = Debug|Any CPU
		{70e0f3df-e61b-fc8e-819c-2486b904b260}.Debug|Any CPU.Build.0 = Debug|Any CPU
		{d9c84faf-6294-9b8d-6065-9388c13dd207}.Debug|Any CPU.ActiveCfg = Debug|Any CPU
		{d9c84faf-6294-9b8d-6065-9388c13dd207}.Debug|Any CPU.Build.0 = Debug|Any CPU
		{bda85ff1-ba5c-a503-00e8-7410abb5ab69}.Debug|Any CPU.ActiveCfg = Debug|Any CPU
		{bda85ff1-ba5c-a503-00e8-7410abb5ab69}.Debug|Any CPU.Build.0 = Debug|Any CPU
		{a27a0d90-a001-0934-13a6-3db57626fa0e}.Debug|Any CPU.ActiveCfg = Debug|Any CPU
		{a27a0d90-a001-0934-13a6-3db57626fa0e}.Debug|Any CPU.Build.0 = Debug|Any CPU
		{164a6712-4766-4202-8730-ad6a60d13630}.Debug|Any CPU.ActiveCfg = Debug|Any CPU
		{164a6712-4766-4202-8730-ad6a60d13630}.Debug|Any CPU.Build.0 = Debug|Any CPU
	EndGlobalSection
	GlobalSection(SolutionProperties) = preSolution
		HideSolutionNode = FALSE
	EndGlobalSection
EndGlobal
